Microsoft Visual Studio Solution File, Format Version 12.00
# Visual Studio Version 17
VisualStudioVersion = 17.5.2.0
MinimumVisualStudioVersion = 10.0.40219.1
Project("{FAE04EC0-301F-11D3-BF4B-00C04F79EFBC}") = "HPO25", "HPO25\HPO25.csproj", "{FCE4B3EF-313A-0DBD-24DD-7AB8A31F17D5}"
EndProject
Global
	GlobalSection(SolutionConfigurationPlatforms) = preSolution
		Debug|Any CPU = Debug|Any CPU
		Release|Any CPU = Release|Any CPU
	EndGlobalSection
	GlobalSection(ProjectConfigurationPlatforms) = postSolution
		{FCE4B3EF-313A-0DBD-24DD-7AB8A31F17D5}.Debug|Any CPU.ActiveCfg = Debug|Any CPU
		{FCE4B3EF-313A-0DBD-24DD-7AB8A31F17D5}.Debug|Any CPU.Build.0 = Debug|Any CPU
		{FCE4B3EF-313A-0DBD-24DD-7AB8A31F17D5}.Release|Any CPU.ActiveCfg = Release|Any CPU
		{FCE4B3EF-313A-0DBD-24DD-7AB8A31F17D5}.Release|Any CPU.Build.0 = Release|Any CPU
	EndGlobalSection
	GlobalSection(SolutionProperties) = preSolution
		HideSolutionNode = FALSE
	EndGlobalSection
	GlobalSection(ExtensibilityGlobals) = postSolution
		SolutionGuid = {3065A3C5-723E-4B8A-9A20-6B4D78CA1B7C}
	EndGlobalSection
EndGlobal
